
Microsoft Visual Studio Solution File, Format Version 12.00
# Visual Studio 14
VisualStudioVersion = 14.0.24720.0
MinimumVisualStudioVersion = 10.0.40219.1
Project("{FAE04EC0-301F-11D3-BF4B-00C04F79EFBC}") = "GameServer", "MPTGAME\GameServer.csproj", "{FAF9527F-8C4F-4883-A61F-3F1F1359111E}"
EndProject
Project("{FAE04EC0-301F-11D3-BF4B-00C04F79EFBC}") = "WebClient", "WebClient\WebClient.csproj", "{9AD61D8E-6398-4B08-99DE-E19DD797C34F}"
EndProject
Global
	GlobalSection(SolutionConfigurationPlatforms) = preSolution
		Debug|Any CPU = Debug|Any CPU
		Debug|Mixed Platforms = Debug|Mixed Platforms
		Debug|x86 = Debug|x86
		Release|Any CPU = Release|Any CPU
		Release|Mixed Platforms = Release|Mixed Platforms
		Release|x86 = Release|x86
	EndGlobalSection
	GlobalSection(ProjectConfigurationPlatforms) = postSolution
		{FAF9527F-8C4F-4883-A61F-3F1F1359111E}.Debug|Any CPU.ActiveCfg = Debug|x86
		{FAF9527F-8C4F-4883-A61F-3F1F1359111E}.Debug|Any CPU.Build.0 = Debug|x86
		{FAF9527F-8C4F-4883-A61F-3F1F1359111E}.Debug|Mixed Platforms.ActiveCfg = Debug|x86
		{FAF9527F-8C4F-4883-A61F-3F1F1359111E}.Debug|Mixed Platforms.Build.0 = Debug|x86
		{FAF9527F-8C4F-4883-A61F-3F1F1359111E}.Debug|x86.ActiveCfg = Debug|x86
		{FAF9527F-8C4F-4883-A61F-3F1F1359111E}.Debug|x86.Build.0 = Debug|x86
		{FAF9527F-8C4F-4883-A61F-3F1F1359111E}.Release|Any CPU.ActiveCfg = Release|x86
		{FAF9527F-8C4F-4883-A61F-3F1F1359111E}.Release|Any CPU.Build.0 = Release|x86
		{FAF9527F-8C4F-4883-A61F-3F1F1359111E}.Release|Mixed Platforms.ActiveCfg = Release|x86
		{FAF9527F-8C4F-4883-A61F-3F1F1359111E}.Release|Mixed Platforms.Build.0 = Release|x86
		{FAF9527F-8C4F-4883-A61F-3F1F1359111E}.Release|x86.ActiveCfg = Release|x86
		{FAF9527F-8C4F-4883-A61F-3F1F1359111E}.Release|x86.Build.0 = Release|x86
		{9AD61D8E-6398-4B08-99DE-E19DD797C34F}.Debug|Any CPU.ActiveCfg = Debug|Any CPU
		{9AD61D8E-6398-4B08-99DE-E19DD797C34F}.Debug|Any CPU.Build.0 = Debug|Any CPU
		{9AD61D8E-6398-4B08-99DE-E19DD797C34F}.Debug|Mixed Platforms.ActiveCfg = Debug|Any CPU
		{9AD61D8E-6398-4B08-99DE-E19DD797C34F}.Debug|Mixed Platforms.Build.0 = Debug|Any CPU
		{9AD61D8E-6398-4B08-99DE-E19DD797C34F}.Debug|x86.ActiveCfg = Debug|Any CPU
		{9AD61D8E-6398-4B08-99DE-E19DD797C34F}.Release|Any CPU.ActiveCfg = Release|Any CPU
		{9AD61D8E-6398-4B08-99DE-E19DD797C34F}.Release|Any CPU.Build.0 = Release|Any CPU
		{9AD61D8E-6398-4B08-99DE-E19DD797C34F}.Release|Mixed Platforms.ActiveCfg = Release|Any CPU
		{9AD61D8E-6398-4B08-99DE-E19DD797C34F}.Release|Mixed Platforms.Build.0 = Release|Any CPU
		{9AD61D8E-6398-4B08-99DE-E19DD797C34F}.Release|x86.ActiveCfg = Release|Any CPU
	EndGlobalSection
	GlobalSection(SolutionProperties) = preSolution
		HideSolutionNode = FALSE
	EndGlobalSection
EndGlobal
